
Microsoft Visual Studio Solution File, Format Version 12.00
# Visual Studio Version 17
VisualStudioVersion = 17.10.35027.167
MinimumVisualStudioVersion = 10.0.40219.1
Project("{FAE04EC0-301F-11D3-BF4B-00C04F79EFBC}") = "FiapVideoProcessor", "FiapVideoProcessor.csproj", "{C9F5898E-FBD0-40E1-9E4B-653D4C949B0C}"
EndProject
Project("{2150E333-8FDC-42A3-9474-1A3956D46DE8}") = "Solution Items", "Solution Items", "{8DA3F17D-E046-4BE0-B4AE-8DF1AA9F935C}"
	ProjectSection(SolutionItems) = preProject
		docker-compose.yml = docker-compose.yml
	EndProjectSection
EndProject
Project("{FAE04EC0-301F-11D3-BF4B-00C04F79EFBC}") = "FiapVideoProcessorWorker", "FiapVideoProcessorWorker\FiapVideoProcessorWorker\FiapVideoProcessorWorker.csproj", "{020991B8-0D6A-4112-B9A5-10AAFD67D50A}"
EndProject
Global
	GlobalSection(SolutionConfigurationPlatforms) = preSolution
		Debug|Any CPU = Debug|Any CPU
		Release|Any CPU = Release|Any CPU
	EndGlobalSection
	GlobalSection(ProjectConfigurationPlatforms) = postSolution
		{C9F5898E-FBD0-40E1-9E4B-653D4C949B0C}.Debug|Any CPU.ActiveCfg = Debug|Any CPU
		{C9F5898E-FBD0-40E1-9E4B-653D4C949B0C}.Debug|Any CPU.Build.0 = Debug|Any CPU
		{C9F5898E-FBD0-40E1-9E4B-653D4C949B0C}.Release|Any CPU.ActiveCfg = Release|Any CPU
		{C9F5898E-FBD0-40E1-9E4B-653D4C949B0C}.Release|Any CPU.Build.0 = Release|Any CPU
		{020991B8-0D6A-4112-B9A5-10AAFD67D50A}.Debug|Any CPU.ActiveCfg = Debug|Any CPU
		{020991B8-0D6A-4112-B9A5-10AAFD67D50A}.Debug|Any CPU.Build.0 = Debug|Any CPU
		{020991B8-0D6A-4112-B9A5-10AAFD67D50A}.Release|Any CPU.ActiveCfg = Release|Any CPU
		{020991B8-0D6A-4112-B9A5-10AAFD67D50A}.Release|Any CPU.Build.0 = Release|Any CPU
	EndGlobalSection
	GlobalSection(SolutionProperties) = preSolution
		HideSolutionNode = FALSE
	EndGlobalSection
	GlobalSection(ExtensibilityGlobals) = postSolution
		SolutionGuid = {80329B34-85AF-4421-BC88-1A97DC10D678}
	EndGlobalSection
EndGlobal
